// !$*UTF8*$!
{
	archiveVersion = 1;
	classes = {
	};
	objectVersion = 56;
	objects = {

/* Begin PBXBuildFile section */
		BD3A250F2BABD55D008F3047 /* ParksApp.swift in Sources */ = {isa = PBXBuildFile; fileRef = BD3A250E2BABD55D008F3047 /* ParksApp.swift */; };
		BD3A25112BABD55D008F3047 /* ContentView.swift in Sources */ = {isa = PBXBuildFile; fileRef = BD3A25102BABD55D008F3047 /* ContentView.swift */; };
		BD3A25132BABD564008F3047 /* Assets.xcassets in Resources */ = {isa = PBXBuildFile; fileRef = BD3A25122BABD564008F3047 /* Assets.xcassets */; };
		BD3A25172BABD564008F3047 /* Preview Assets.xcassets in Resources */ = {isa = PBXBuildFile; fileRef = BD3A25162BABD564008F3047 /* Preview Assets.xcassets */; };
		BD3A25212BABD565008F3047 /* ParksTests.swift in Sources */ = {isa = PBXBuildFile; fileRef = BD3A25202BABD565008F3047 /* ParksTests.swift */; };
		BD3A252B2BABD565008F3047 /* ParksUITests.swift in Sources */ = {isa = PBXBuildFile; fileRef = BD3A252A2BABD565008F3047 /* ParksUITests.swift */; };
		BD3A252D2BABD565008F3047 /* ParksUITestsLaunchTests.swift in Sources */ = {isa = PBXBuildFile; fileRef = BD3A252C2BABD565008F3047 /* ParksUITestsLaunchTests.swift */; };
/* End PBXBuildFile section */

/* Begin PBXContainerItemProxy section */
		BD3A251D2BABD565008F3047 /* PBXContainerItemProxy */ = {
			isa = PBXContainerItemProxy;
			containerPortal = BD3A25032BABD55D008F3047 /* Project object */;
			proxyType = 1;
			remoteGlobalIDString = BD3A250A2BABD55D008F3047;
			remoteInfo = Parks;
		};
		BD3A25272BABD565008F3047 /* PBXContainerItemProxy */ = {
			isa = PBXContainerItemProxy;
			containerPortal = BD3A25032BABD55D008F3047 /* Project object */;
			proxyType = 1;
			remoteGlobalIDString = BD3A250A2BABD55D008F3047;
			remoteInfo = Parks;
		};
/* End PBXContainerItemProxy section */

/* Begin PBXFileReference section */
		BD3A250B2BABD55D008F3047 /* Parks.app */ = {isa = PBXFileReference; explicitFileType = wrapper.application; includeInIndex = 0; path = Parks.app; sourceTree = BUILT_PRODUCTS_DIR; };
		BD3A250E2BABD55D008F3047 /* ParksApp.swift */ = {isa = PBXFileReference; lastKnownFileType = sourcecode.swift; path = ParksApp.swift; sourceTree = "<group>"; };
		BD3A25102BABD55D008F3047 /* ContentView.swift */ = {isa = PBXFileReference; lastKnownFileType = sourcecode.swift; path = ContentView.swift; sourceTree = "<group>"; };
		BD3A25122BABD564008F3047 /* Assets.xcassets */ = {isa = PBXFileReference; lastKnownFileType = folder.assetcatalog; path = Assets.xcassets; sourceTree = "<group>"; };
		BD3A25142BABD564008F3047 /* Parks.entitlements */ = {isa = PBXFileReference; lastKnownFileType = text.plist.entitlements; path = Parks.entitlements; sourceTree = "<group>"; };
		BD3A25162BABD564008F3047 /* Preview Assets.xcassets */ = {isa = PBXFileReference; lastKnownFileType = folder.assetcatalog; path = "Preview Assets.xcassets"; sourceTree = "<group>"; };
		BD3A251C2BABD565008F3047 /* ParksTests.xctest */ = {isa = PBXFileReference; explicitFileType = wrapper.cfbundle; includeInIndex = 0; path = ParksTests.xctest; sourceTree = BUILT_PRODUCTS_DIR; };
		BD3A25202BABD565008F3047 /* ParksTests.swift */ = {isa = PBXFileReference; lastKnownFileType = sourcecode.swift; path = ParksTests.swift; sourceTree = "<group>"; };
		BD3A25262BABD565008F3047 /* ParksUITests.xctest */ = {isa = PBXFileReference; explicitFileType = wrapper.cfbundle; includeInIndex = 0; path = ParksUITests.xctest; sourceTree = BUILT_PRODUCTS_DIR; };
		BD3A252A2BABD565008F3047 /* ParksUITests.swift */ = {isa = PBXFileReference; lastKnownFileType = sourcecode.swift; path = ParksUITests.swift; sourceTree = "<group>"; };
		BD3A252C2BABD565008F3047 /* ParksUITestsLaunchTests.swift */ = {isa = PBXFileReference; lastKnownFileType = sourcecode.swift; path = ParksUITestsLaunchTests.swift; sourceTree = "<group>"; };
/* End PBXFileReference section */

/* Begin PBXFrameworksBuildPhase section */
		BD3A25082BABD55D008F3047 /* Frameworks */ = {
			isa = PBXFrameworksBuildPhase;
			buildActionMask = 2147483647;
			files = (
			);
			runOnlyForDeploymentPostprocessing = 0;
		};
		BD3A25192BABD565008F3047 /* Frameworks */ = {
			isa = PBXFrameworksBuildPhase;
			buildActionMask = 2147483647;
			files = (
			);
			runOnlyForDeploymentPostprocessing = 0;
		};
		BD3A25232BABD565008F3047 /* Frameworks */ = {
			isa = PBXFrameworksBuildPhase;
			buildActionMask = 2147483647;
			files = (
			);
			runOnlyForDeploymentPostprocessing = 0;
		};
/* End PBXFrameworksBuildPhase section */

/* Begin PBXGroup section */
		BD3A25022BABD55D008F3047 = {
			isa = PBXGroup;
			children = (
				BD3A250D2BABD55D008F3047 /* Parks */,
				BD3A251F2BABD565008F3047 /* ParksTests */,
				BD3A25292BABD565008F3047 /* ParksUITests */,
				BD3A250C2BABD55D008F3047 /* Products */,
			);
			sourceTree = "<group>";
		};
		BD3A250C2BABD55D008F3047 /* Products */ = {
			isa = PBXGroup;
			children = (
				BD3A250B2BABD55D008F3047 /* Parks.app */,
				BD3A251C2BABD565008F3047 /* ParksTests.xctest */,
				BD3A25262BABD565008F3047 /* ParksUITests.xctest */,
			);
			name = Products;
			sourceTree = "<group>";
		};
		BD3A250D2BABD55D008F3047 /* Parks */ = {
			isa = PBXGroup;
			children = (
				BD3A250E2BABD55D008F3047 /* ParksApp.swift */,
				BD3A25102BABD55D008F3047 /* ContentView.swift */,
				BD3A25122BABD564008F3047 /* Assets.xcassets */,
				BD3A25142BABD564008F3047 /* Parks.entitlements */,
				BD3A25152BABD564008F3047 /* Preview Content */,
			);
			path = Parks;
			sourceTree = "<group>";
		};
		BD3A25152BABD564008F3047 /* Preview Content */ = {
			isa = PBXGroup;
			children = (
				BD3A25162BABD564008F3047 /* Preview Assets.xcassets */,
			);
			path = "Preview Content";
			sourceTree = "<group>";
		};
		BD3A251F2BABD565008F3047 /* ParksTests */ = {
			isa = PBXGroup;
			children = (
				BD3A25202BABD565008F3047 /* ParksTests.swift */,
			);
			path = ParksTests;
			sourceTree = "<group>";
		};
		BD3A25292BABD565008F3047 /* ParksUITests */ = {
			isa = PBXGroup;
			children = (
				BD3A252A2BABD565008F3047 /* ParksUITests.swift */,
				BD3A252C2BABD565008F3047 /* ParksUITestsLaunchTests.swift */,
			);
			path = ParksUITests;
			sourceTree = "<group>";
		};
/* End PBXGroup section */

/* Begin PBXNativeTarget section */
		BD3A250A2BABD55D008F3047 /* Parks */ = {
			isa = PBXNativeTarget;
			buildConfigurationList = BD3A25302BABD565008F3047 /* Build configuration list for PBXNativeTarget "Parks" */;
			buildPhases = (
				BD3A25072BABD55D008F3047 /* Sources */,
				BD3A25082BABD55D008F3047 /* Frameworks */,
				BD3A25092BABD55D008F3047 /* Resources */,
			);
			buildRules = (
			);
			dependencies = (
			);
			name = Parks;
			productName = Parks;
			productReference = BD3A250B2BABD55D008F3047 /* Parks.app */;
			productType = "com.apple.product-type.application";
		};
		BD3A251B2BABD565008F3047 /* ParksTests */ = {
			isa = PBXNativeTarget;
			buildConfigurationList = BD3A25332BABD565008F3047 /* Build configuration list for PBXNativeTarget "ParksTests" */;
			buildPhases = (
				BD3A25182BABD565008F3047 /* Sources */,
				BD3A25192BABD565008F3047 /* Frameworks */,
				BD3A251A2BABD565008F3047 /* Resources */,
			);
			buildRules = (
			);
			dependencies = (
				BD3A251E2BABD565008F3047 /* PBXTargetDependency */,
			);
			name = ParksTests;
			productName = ParksTests;
			productReference = BD3A251C2BABD565008F3047 /* ParksTests.xctest */;
			productType = "com.apple.product-type.bundle.unit-test";
		};
		BD3A25252BABD565008F3047 /* ParksUITests */ = {
			isa = PBXNativeTarget;
			buildConfigurationList = BD3A25362BABD565008F3047 /* Build configuration list for PBXNativeTarget "ParksUITests" */;
			buildPhases = (
				BD3A25222BABD565008F3047 /* Sources */,
				BD3A25232BABD565008F3047 /* Frameworks */,
				BD3A25242BABD565008F3047 /* Resources */,
			);
			buildRules = (
			);
			dependencies = (
				BD3A25282BABD565008F3047 /* PBXTargetDependency */,
			);
			name = ParksUITests;
			productName = ParksUITests;
			productReference = BD3A25262BABD565008F3047 /* ParksUITests.xctest */;
			productType = "com.apple.product-type.bundle.ui-testing";
		};
/* End PBXNativeTarget section */

/* Begin PBXProject section */
		BD3A25032BABD55D008F3047 /* Project object */ = {
			isa = PBXProject;
			attributes = {
				BuildIndependentTargetsInParallel = 1;
				LastSwiftUpdateCheck = 1530;
				LastUpgradeCheck = 1530;
				TargetAttributes = {
					BD3A250A2BABD55D008F3047 = {
						CreatedOnToolsVersion = 15.3;
					};
					BD3A251B2BABD565008F3047 = {
						CreatedOnToolsVersion = 15.3;
						TestTargetID = BD3A250A2BABD55D008F3047;
					};
					BD3A25252BABD565008F3047 = {
						CreatedOnToolsVersion = 15.3;
						TestTargetID = BD3A250A2BABD55D008F3047;
					};
				};
			};
			buildConfigurationList = BD3A25062BABD55D008F3047 /* Build configuration list for PBXProject "Parks" */;
			compatibilityVersion = "Xcode 14.0";
			developmentRegion = en;
			hasScannedForEncodings = 0;
			knownRegions = (
				en,
				Base,
			);
			mainGroup = BD3A25022BABD55D008F3047;
			productRefGroup = BD3A250C2BABD55D008F3047 /* Products */;
			projectDirPath = "";
			projectRoot = "";
			targets = (
				BD3A250A2BABD55D008F3047 /* Parks */,
				BD3A251B2BABD565008F3047 /* ParksTests */,
				BD3A25252BABD565008F3047 /* ParksUITests */,
			);
		};
/* End PBXProject section */

/* Begin PBXResourcesBuildPhase section */
		BD3A25092BABD55D008F3047 /* Resources */ = {
			isa = PBXResourcesBuildPhase;
			buildActionMask = 2147483647;
			files = (
				BD3A25172BABD564008F3047 /* Preview Assets.xcassets in Resources */,
				BD3A25132BABD564008F3047 /* Assets.xcassets in Resources */,
			);
			runOnlyForDeploymentPostprocessing = 0;
		};
		BD3A251A2BABD565008F3047 /* Resources */ = {
			isa = PBXResourcesBuildPhase;
			buildActionMask = 2147483647;
			files = (
			);
			runOnlyForDeploymentPostprocessing = 0;
		};
		BD3A25242BABD565008F3047 /* Resources */ = {
			isa = PBXResourcesBuildPhase;
			buildActionMask = 2147483647;
			files = (
			);
			runOnlyForDeploymentPostprocessing = 0;
		};
/* End PBXResourcesBuildPhase section */

/* Begin PBXSourcesBuildPhase section */
		BD3A25072BABD55D008F3047 /* Sources */ = {
			isa = PBXSourcesBuildPhase;
			buildActionMask = 2147483647;
			files = (
				BD3A25112BABD55D008F3047 /* ContentView.swift in Sources */,
				BD3A250F2BABD55D008F3047 /* ParksApp.swift in Sources */,
			);
			runOnlyForDeploymentPostprocessing = 0;
		};
		BD3A25182BABD565008F3047 /* Sources */ = {
			isa = PBXSourcesBuildPhase;
			buildActionMask = 2147483647;
			files = (
				BD3A25212BABD565008F3047 /* ParksTests.swift in Sources */,
			);
			runOnlyForDeploymentPostprocessing = 0;
		};
		BD3A25222BABD565008F3047 /* Sources */ = {
			isa = PBXSourcesBuildPhase;
			buildActionMask = 2147483647;
			files = (
				BD3A252D2BABD565008F3047 /* ParksUITestsLaunchTests.swift in Sources */,
				BD3A252B2BABD565008F3047 /* ParksUITests.swift in Sources */,
			);
			runOnlyForDeploymentPostprocessing = 0;
		};
/* End PBXSourcesBuildPhase section */

/* Begin PBXTargetDependency section */
		BD3A251E2BABD565008F3047 /* PBXTargetDependency */ = {
			isa = PBXTargetDependency;
			target = BD3A250A2BABD55D008F3047 /* Parks */;
			targetProxy = BD3A251D2BABD565008F3047 /* PBXContainerItemProxy */;
		};
		BD3A25282BABD565008F3047 /* PBXTargetDependency */ = {
			isa = PBXTargetDependency;
			target = BD3A250A2BABD55D008F3047 /* Parks */;
			targetProxy = BD3A25272BABD565008F3047 /* PBXContainerItemProxy */;
		};
/* End PBXTargetDependency section */

/* Begin XCBuildConfiguration section */
		BD3A252E2BABD565008F3047 /* Debug */ = {
			isa = XCBuildConfiguration;
			buildSettings = {
				ALWAYS_SEARCH_USER_PATHS = NO;
				ASSETCATALOG_COMPILER_GENERATE_SWIFT_ASSET_SYMBOL_EXTENSIONS = YES;
				CLANG_ANALYZER_NONNULL = YES;
				CLANG_ANALYZER_NUMBER_OBJECT_CONVERSION = YES_AGGRESSIVE;
				CLANG_CXX_LANGUAGE_STANDARD = "gnu++20";
				CLANG_ENABLE_MODULES = YES;
				CLANG_ENABLE_OBJC_ARC = YES;
				CLANG_ENABLE_OBJC_WEAK = YES;
				CLANG_WARN_BLOCK_CAPTURE_AUTORELEASING = YES;
				CLANG_WARN_BOOL_CONVERSION = YES;
				CLANG_WARN_COMMA = YES;
				CLANG_WARN_CONSTANT_CONVERSION = YES;
				CLANG_WARN_DEPRECATED_OBJC_IMPLEMENTATIONS = YES;
				CLANG_WARN_DIRECT_OBJC_ISA_USAGE = YES_ERROR;
				CLANG_WARN_DOCUMENTATION_COMMENTS = YES;
				CLANG_WARN_EMPTY_BODY = YES;
				CLANG_WARN_ENUM_CONVERSION = YES;
				CLANG_WARN_INFINITE_RECURSION = YES;
				CLANG_WARN_INT_CONVERSION = YES;
				CLANG_WARN_NON_LITERAL_NULL_CONVERSION = YES;
				CLANG_WARN_OBJC_IMPLICIT_RETAIN_SELF = YES;
				CLANG_WARN_OBJC_LITERAL_CONVERSION = YES;
				CLANG_WARN_OBJC_ROOT_CLASS = YES_ERROR;
				CLANG_WARN_QUOTED_INCLUDE_IN_FRAMEWORK_HEADER = YES;
				CLANG_WARN_RANGE_LOOP_ANALYSIS = YES;
				CLANG_WARN_STRICT_PROTOTYPES = YES;
				CLANG_WARN_SUSPICIOUS_MOVE = YES;
				CLANG_WARN_UNGUARDED_AVAILABILITY = YES_AGGRESSIVE;
				CLANG_WARN_UNREACHABLE_CODE = YES;
				CLANG_WARN__DUPLICATE_METHOD_MATCH = YES;
				COPY_PHASE_STRIP = NO;
				DEBUG_INFORMATION_FORMAT = dwarf;
				ENABLE_STRICT_OBJC_MSGSEND = YES;
				ENABLE_TESTABILITY = YES;
				ENABLE_USER_SCRIPT_SANDBOXING = YES;
				GCC_C_LANGUAGE_STANDARD = gnu17;
				GCC_DYNAMIC_NO_PIC = NO;
				GCC_NO_COMMON_BLOCKS = YES;
				GCC_OPTIMIZATION_LEVEL = 0;
				GCC_PREPROCESSOR_DEFINITIONS = (
					"DEBUG=1",
					"$(inherited)",
				);
				GCC_WARN_64_TO_32_BIT_CONVERSION = YES;
				GCC_WARN_ABOUT_RETURN_TYPE = YES_ERROR;
				GCC_WARN_UNDECLARED_SELECTOR = YES;
				GCC_WARN_UNINITIALIZED_AUTOS = YES_AGGRESSIVE;
				GCC_WARN_UNUSED_FUNCTION = YES;
				GCC_WARN_UNUSED_VARIABLE = YES;
				LOCALIZATION_PREFERS_STRING_CATALOGS = YES;
				MTL_ENABLE_DEBUG_INFO = INCLUDE_SOURCE;
				MTL_FAST_MATH = YES;
				ONLY_ACTIVE_ARCH = YES;
				SWIFT_ACTIVE_COMPILATION_CONDITIONS = "DEBUG $(inherited)";
				SWIFT_OPTIMIZATION_LEVEL = "-Onone";
			};
			name = Debug;
		};
		BD3A252F2BABD565008F3047 /* Release */ = {
			isa = XCBuildConfiguration;
			buildSettings = {
				ALWAYS_SEARCH_USER_PATHS = NO;
				ASSETCATALOG_COMPILER_GENERATE_SWIFT_ASSET_SYMBOL_EXTENSIONS = YES;
				CLANG_ANALYZER_NONNULL = YES;
				CLANG_ANALYZER_NUMBER_OBJECT_CONVERSION = YES_AGGRESSIVE;
				CLANG_CXX_LANGUAGE_STANDARD = "gnu++20";
				CLANG_ENABLE_MODULES = YES;
				CLANG_ENABLE_OBJC_ARC = YES;
				CLANG_ENABLE_OBJC_WEAK = YES;
				CLANG_WARN_BLOCK_CAPTURE_AUTORELEASING = YES;
				CLANG_WARN_BOOL_CONVERSION = YES;
				CLANG_WARN_COMMA = YES;
				CLANG_WARN_CONSTANT_CONVERSION = YES;
				CLANG_WARN_DEPRECATED_OBJC_IMPLEMENTATIONS = YES;
				CLANG_WARN_DIRECT_OBJC_ISA_USAGE = YES_ERROR;
				CLANG_WARN_DOCUMENTATION_COMMENTS = YES;
				CLANG_WARN_EMPTY_BODY = YES;
				CLANG_WARN_ENUM_CONVERSION = YES;
				CLANG_WARN_INFINITE_RECURSION = YES;
				CLANG_WARN_INT_CONVERSION = YES;
				CLANG_WARN_NON_LITERAL_NULL_CONVERSION = YES;
				CLANG_WARN_OBJC_IMPLICIT_RETAIN_SELF = YES;
				CLANG_WARN_OBJC_LITERAL_CONVERSION = YES;
				CLANG_WARN_OBJC_ROOT_CLASS = YES_ERROR;
				CLANG_WARN_QUOTED_INCLUDE_IN_FRAMEWORK_HEADER = YES;
				CLANG_WARN_RANGE_LOOP_ANALYSIS = YES;
				CLANG_WARN_STRICT_PROTOTYPES = YES;
				CLANG_WARN_SUSPICIOUS_MOVE = YES;
				CLANG_WARN_UNGUARDED_AVAILABILITY = YES_AGGRESSIVE;
				CLANG_WARN_UNREACHABLE_CODE = YES;
				CLANG_WARN__DUPLICATE_METHOD_MATCH = YES;
				COPY_PHASE_STRIP = NO;
				DEBUG_INFORMATION_FORMAT = "dwarf-with-dsym";
				ENABLE_NS_ASSERTIONS = NO;
				ENABLE_STRICT_OBJC_MSGSEND = YES;
				ENABLE_USER_SCRIPT_SANDBOXING = YES;
				GCC_C_LANGUAGE_STANDARD = gnu17;
				GCC_NO_COMMON_BLOCKS = YES;
				GCC_WARN_64_TO_32_BIT_CONVERSION = YES;
				GCC_WARN_ABOUT_RETURN_TYPE = YES_ERROR;
				GCC_WARN_UNDECLARED_SELECTOR = YES;
				GCC_WARN_UNINITIALIZED_AUTOS = YES_AGGRESSIVE;
				GCC_WARN_UNUSED_FUNCTION = YES;
				GCC_WARN_UNUSED_VARIABLE = YES;
				LOCALIZATION_PREFERS_STRING_CATALOGS = YES;
				MTL_ENABLE_DEBUG_INFO = NO;
				MTL_FAST_MATH = YES;
				SWIFT_COMPILATION_MODE = wholemodule;
			};
			name = Release;
		};
		BD3A25312BABD565008F3047 /* Debug */ = {
			isa = XCBuildConfiguration;
			buildSettings = {
				ASSETCATALOG_COMPILER_APPICON_NAME = AppIcon;
				ASSETCATALOG_COMPILER_GLOBAL_ACCENT_COLOR_NAME = AccentColor;
				CODE_SIGN_ENTITLEMENTS = Parks/Parks.entitlements;
				CODE_SIGN_STYLE = Automatic;
				CURRENT_PROJECT_VERSION = 1;
				DEVELOPMENT_ASSET_PATHS = "\"Parks/Preview Content\"";
				DEVELOPMENT_TEAM = ZT2F598969;
				ENABLE_HARDENED_RUNTIME = YES;
				ENABLE_PREVIEWS = YES;
				GENERATE_INFOPLIST_FILE = YES;
				"INFOPLIST_KEY_UIApplicationSceneManifest_Generation[sdk=iphoneos*]" = YES;
				"INFOPLIST_KEY_UIApplicationSceneManifest_Generation[sdk=iphonesimulator*]" = YES;
				"INFOPLIST_KEY_UIApplicationSupportsIndirectInputEvents[sdk=iphoneos*]" = YES;
				"INFOPLIST_KEY_UIApplicationSupportsIndirectInputEvents[sdk=iphonesimulator*]" = YES;
				"INFOPLIST_KEY_UILaunchScreen_Generation[sdk=iphoneos*]" = YES;
				"INFOPLIST_KEY_UILaunchScreen_Generation[sdk=iphonesimulator*]" = YES;
				"INFOPLIST_KEY_UIStatusBarStyle[sdk=iphoneos*]" = UIStatusBarStyleDefault;
				"INFOPLIST_KEY_UIStatusBarStyle[sdk=iphonesimulator*]" = UIStatusBarStyleDefault;
				INFOPLIST_KEY_UISupportedInterfaceOrientations_iPad = "UIInterfaceOrientationPortrait UIInterfaceOrientationPortraitUpsideDown UIInterfaceOrientationLandscapeLeft UIInterfaceOrientationLandscapeRight";
				INFOPLIST_KEY_UISupportedInterfaceOrientations_iPhone = "UIInterfaceOrientationPortrait UIInterfaceOrientationLandscapeLeft UIInterfaceOrientationLandscapeRight";
				IPHONEOS_DEPLOYMENT_TARGET = 17.4;
				LD_RUNPATH_SEARCH_PATHS = "@executable_path/Frameworks";
				"LD_RUNPATH_SEARCH_PATHS[sdk=macosx*]" = "@executable_path/../Frameworks";
				MACOSX_DEPLOYMENT_TARGET = 14.3;
				MARKETING_VERSION = 1.0;
				PRODUCT_BUNDLE_IDENTIFIER = com.yunsan.parks.Parks;
				PRODUCT_NAME = "$(TARGET_NAME)";
				SDKROOT = auto;
				SUPPORTED_PLATFORMS = "iphoneos iphonesimulator macosx";
				SWIFT_EMIT_LOC_STRINGS = YES;
				SWIFT_VERSION = 5.0;
				TARGETED_DEVICE_FAMILY = "1,2";
			};
			name = Debug;
		};
		BD3A25322BABD565008F3047 /* Release */ = {
			isa = XCBuildConfiguration;
			buildSettings = {
				ASSETCATALOG_COMPILER_APPICON_NAME = AppIcon;
				ASSETCATALOG_COMPILER_GLOBAL_ACCENT_COLOR_NAME = AccentColor;
				CODE_SIGN_ENTITLEMENTS = Parks/Parks.entitlements;
				CODE_SIGN_STYLE = Automatic;
				CURRENT_PROJECT_VERSION = 1;
				DEVELOPMENT_ASSET_PATHS = "\"Parks/Preview Content\"";
				DEVELOPMENT_TEAM = ZT2F598969;
				ENABLE_HARDENED_RUNTIME = YES;
				ENABLE_PREVIEWS = YES;
				GENERATE_INFOPLIST_FILE = YES;
				"INFOPLIST_KEY_UIApplicationSceneManifest_Generation[sdk=iphoneos*]" = YES;
				"INFOPLIST_KEY_UIApplicationSceneManifest_Generation[sdk=iphonesimulator*]" = YES;
				"INFOPLIST_KEY_UIApplicationSupportsIndirectInputEvents[sdk=iphoneos*]" = YES;
				"INFOPLIST_KEY_UIApplicationSupportsIndirectInputEvents[sdk=iphonesimulator*]" = YES;
				"INFOPLIST_KEY_UILaunchScreen_Generation[sdk=iphoneos*]" = YES;
				"INFOPLIST_KEY_UILaunchScreen_Generation[sdk=iphonesimulator*]" = YES;
				"INFOPLIST_KEY_UIStatusBarStyle[sdk=iphoneos*]" = UIStatusBarStyleDefault;
				"INFOPLIST_KEY_UIStatusBarStyle[sdk=iphonesimulator*]" = UIStatusBarStyleDefault;
				INFOPLIST_KEY_UISupportedInterfaceOrientations_iPad = "UIInterfaceOrientationPortrait UIInterfaceOrientationPortraitUpsideDown UIInterfaceOrientationLandscapeLeft UIInterfaceOrientationLandscapeRight";
				INFOPLIST_KEY_UISupportedInterfaceOrientations_iPhone = "UIInterfaceOrientationPortrait UIInterfaceOrientationLandscapeLeft UIInterfaceOrientationLandscapeRight";
				IPHONEOS_DEPLOYMENT_TARGET = 17.4;
				LD_RUNPATH_SEARCH_PATHS = "@executable_path/Frameworks";
				"LD_RUNPATH_SEARCH_PATHS[sdk=macosx*]" = "@executable_path/../Frameworks";
				MACOSX_DEPLOYMENT_TARGET = 14.3;
				MARKETING_VERSION = 1.0;
				PRODUCT_BUNDLE_IDENTIFIER = com.yunsan.parks.Parks;
				PRODUCT_NAME = "$(TARGET_NAME)";
				SDKROOT = auto;
				SUPPORTED_PLATFORMS = "iphoneos iphonesimulator macosx";
				SWIFT_EMIT_LOC_STRINGS = YES;
				SWIFT_VERSION = 5.0;
				TARGETED_DEVICE_FAMILY = "1,2";
			};
			name = Release;
		};
		BD3A25342BABD565008F3047 /* Debug */ = {
			isa = XCBuildConfiguration;
			buildSettings = {
				ALWAYS_EMBED_SWIFT_STANDARD_LIBRARIES = YES;
				BUNDLE_LOADER = "$(TEST_HOST)";
				CODE_SIGN_STYLE = Automatic;
				CURRENT_PROJECT_VERSION = 1;
				DEVELOPMENT_TEAM = ZT2F598969;
				GENERATE_INFOPLIST_FILE = YES;
				IPHONEOS_DEPLOYMENT_TARGET = 17.4;
				MACOSX_DEPLOYMENT_TARGET = 14.3;
				MARKETING_VERSION = 1.0;
				PRODUCT_BUNDLE_IDENTIFIER = com.yunsan.parks.ParksTests;
				PRODUCT_NAME = "$(TARGET_NAME)";
				SDKROOT = auto;
				SUPPORTED_PLATFORMS = "iphoneos iphonesimulator macosx";
				SWIFT_EMIT_LOC_STRINGS = NO;
				SWIFT_VERSION = 5.0;
				TARGETED_DEVICE_FAMILY = "1,2";
				TEST_HOST = "$(BUILT_PRODUCTS_DIR)/Parks.app/$(BUNDLE_EXECUTABLE_FOLDER_PATH)/Parks";
			};
			name = Debug;
		};
		BD3A25352BABD565008F3047 /* Release */ = {
			isa = XCBuildConfiguration;
			buildSettings = {
				ALWAYS_EMBED_SWIFT_STANDARD_LIBRARIES = YES;
				BUNDLE_LOADER = "$(TEST_HOST)";
				CODE_SIGN_STYLE = Automatic;
				CURRENT_PROJECT_VERSION = 1;
				DEVELOPMENT_TEAM = ZT2F598969;
				GENERATE_INFOPLIST_FILE = YES;
				IPHONEOS_DEPLOYMENT_TARGET = 17.4;
				MACOSX_DEPLOYMENT_TARGET = 14.3;
				MARKETING_VERSION = 1.0;
				PRODUCT_BUNDLE_IDENTIFIER = com.yunsan.parks.ParksTests;
				PRODUCT_NAME = "$(TARGET_NAME)";
				SDKROOT = auto;
				SUPPORTED_PLATFORMS = "iphoneos iphonesimulator macosx";
				SWIFT_EMIT_LOC_STRINGS = NO;
				SWIFT_VERSION = 5.0;
				TARGETED_DEVICE_FAMILY = "1,2";
				TEST_HOST = "$(BUILT_PRODUCTS_DIR)/Parks.app/$(BUNDLE_EXECUTABLE_FOLDER_PATH)/Parks";
			};
			name = Release;
		};
		BD3A25372BABD565008F3047 /* Debug */ = {
			isa = XCBuildConfiguration;
			buildSettings = {
				ALWAYS_EMBED_SWIFT_STANDARD_LIBRARIES = YES;
				CODE_SIGN_STYLE = Automatic;
				CURRENT_PROJECT_VERSION = 1;
				DEVELOPMENT_TEAM = ZT2F598969;
				GENERATE_INFOPLIST_FILE = YES;
				IPHONEOS_DEPLOYMENT_TARGET = 17.4;
				MACOSX_DEPLOYMENT_TARGET = 14.3;
				MARKETING_VERSION = 1.0;
				PRODUCT_BUNDLE_IDENTIFIER = com.yunsan.parks.ParksUITests;
				PRODUCT_NAME = "$(TARGET_NAME)";
				SDKROOT = auto;
				SUPPORTED_PLATFORMS = "iphoneos iphonesimulator macosx";
				SWIFT_EMIT_LOC_STRINGS = NO;
				SWIFT_VERSION = 5.0;
				TARGETED_DEVICE_FAMILY = "1,2";
				TEST_TARGET_NAME = Parks;
			};
			name = Debug;
		};
		BD3A25382BABD565008F3047 /* Release */ = {
			isa = XCBuildConfiguration;
			buildSettings = {
				ALWAYS_EMBED_SWIFT_STANDARD_LIBRARIES = YES;
				CODE_SIGN_STYLE = Automatic;
				CURRENT_PROJECT_VERSION = 1;
				DEVELOPMENT_TEAM = ZT2F598969;
				GENERATE_INFOPLIST_FILE = YES;
				IPHONEOS_DEPLOYMENT_TARGET = 17.4;
				MACOSX_DEPLOYMENT_TARGET = 14.3;
				MARKETING_VERSION = 1.0;
				PRODUCT_BUNDLE_IDENTIFIER = com.yunsan.parks.ParksUITests;
				PRODUCT_NAME = "$(TARGET_NAME)";
				SDKROOT = auto;
				SUPPORTED_PLATFORMS = "iphoneos iphonesimulator macosx";
				SWIFT_EMIT_LOC_STRINGS = NO;
				SWIFT_VERSION = 5.0;
				TARGETED_DEVICE_FAMILY = "1,2";
				TEST_TARGET_NAME = Parks;
			};
			name = Release;
		};
/* End XCBuildConfiguration section */

/* Begin XCConfigurationList section */
		BD3A25062BABD55D008F3047 /* Build configuration list for PBXProject "Parks" */ = {
			isa = XCConfigurationList;
			buildConfigurations = (
				BD3A252E2BABD565008F3047 /* Debug */,
				BD3A252F2BABD565008F3047 /* Release */,
			);
			defaultConfigurationIsVisible = 0;
			defaultConfigurationName = Release;
		};
		BD3A25302BABD565008F3047 /* Build configuration list for PBXNativeTarget "Parks" */ = {
			isa = XCConfigurationList;
			buildConfigurations = (
				BD3A25312BABD565008F3047 /* Debug */,
				BD3A25322BABD565008F3047 /* Release */,
			);
			defaultConfigurationIsVisible = 0;
			defaultConfigurationName = Release;
		};
		BD3A25332BABD565008F3047 /* Build configuration list for PBXNativeTarget "ParksTests" */ = {
			isa = XCConfigurationList;
			buildConfigurations = (
				BD3A25342BABD565008F3047 /* Debug */,
				BD3A25352BABD565008F3047 /* Release */,
			);
			defaultConfigurationIsVisible = 0;
			defaultConfigurationName = Release;
		};
		BD3A25362BABD565008F3047 /* Build configuration list for PBXNativeTarget "ParksUITests" */ = {
			isa = XCConfigurationList;
			buildConfigurations = (
				BD3A25372BABD565008F3047 /* Debug */,
				BD3A25382BABD565008F3047 /* Release */,
			);
			defaultConfigurationIsVisible = 0;
			defaultConfigurationName = Release;
		};
/* End XCConfigurationList section */
	};
	rootObject = BD3A25032BABD55D008F3047 /* Project object */;
}
